// !$*UTF8*$!
{
	archiveVersion = 1;
	classes = {
	};
	objectVersion = 55;
	objects = {

/* Begin PBXBuildFile section */
		0B02C8FA274D707D008F0506 /* CGPoint+Extension.swift in Sources */ = {isa = PBXBuildFile; fileRef = 0B02C8F9274D707D008F0506 /* CGPoint+Extension.swift */; };
		0B02C8FC274D71DE008F0506 /* CameraViewModel.swift in Sources */ = {isa = PBXBuildFile; fileRef = 0B02C8FB274D71DE008F0506 /* CameraViewModel.swift */; };
		0B02C900274D74CB008F0506 /* DetectObjectUseCase.swift in Sources */ = {isa = PBXBuildFile; fileRef = 0B02C8FF274D74CB008F0506 /* DetectObjectUseCase.swift */; };
		0B02C904274D7AB2008F0506 /* Result+Extension.swift in Sources */ = {isa = PBXBuildFile; fileRef = 0B02C903274D7AB2008F0506 /* Result+Extension.swift */; };
		0B2AC9E3274ECB9A00C2EE98 /* YOLOv3Tiny.mlmodel in Sources */ = {isa = PBXBuildFile; fileRef = 0B2AC9E2274ECB9A00C2EE98 /* YOLOv3Tiny.mlmodel */; };
		0B40C48A2746C4D500908879 /* main.storyboard in Resources */ = {isa = PBXBuildFile; fileRef = 0B40C4892746C4D500908879 /* main.storyboard */; };
		0BAA26812789D23100E10D28 /* ExtractImageUseCase.swift in Sources */ = {isa = PBXBuildFile; fileRef = 0BAA26802789D23100E10D28 /* ExtractImageUseCase.swift */; };
		0BAA26842789DDAD00E10D28 /* DetectedObject.swift in Sources */ = {isa = PBXBuildFile; fileRef = 0BAA26832789DDAD00E10D28 /* DetectedObject.swift */; };
		91EEE061F85B0C07D8EDB313 /* Pods_PintAR.framework in Frameworks */ = {isa = PBXBuildFile; fileRef = 33DF1B1870E6ABAFE139D29F /* Pods_PintAR.framework */; };
		CC16AD972785CDB80016C47F /* ColorDetection.swift in Sources */ = {isa = PBXBuildFile; fileRef = CC16AD962785CDB80016C47F /* ColorDetection.swift */; };
		CC16C71927465AAE007E1568 /* AppDelegate.swift in Sources */ = {isa = PBXBuildFile; fileRef = CC16C71827465AAE007E1568 /* AppDelegate.swift */; };
		CC16C71D27465AAE007E1568 /* ImageDetailViewController.swift in Sources */ = {isa = PBXBuildFile; fileRef = CC16C71C27465AAE007E1568 /* ImageDetailViewController.swift */; };
		CC16C72227465AB0007E1568 /* Assets.xcassets in Resources */ = {isa = PBXBuildFile; fileRef = CC16C72127465AB0007E1568 /* Assets.xcassets */; };
		CC16C72527465AB0007E1568 /* LaunchScreen.storyboard in Resources */ = {isa = PBXBuildFile; fileRef = CC16C72327465AB0007E1568 /* LaunchScreen.storyboard */; };
		CC16C72D27465C8E007E1568 /* CameraViewController.swift in Sources */ = {isa = PBXBuildFile; fileRef = CC16C72C27465C8E007E1568 /* CameraViewController.swift */; };
		CC1A195B279031030045390E /* API.swift in Sources */ = {isa = PBXBuildFile; fileRef = CC1A195A279031030045390E /* API.swift */; };
		CC1A195E279040C40045390E /* SearchQuery.swift in Sources */ = {isa = PBXBuildFile; fileRef = CC1A195D279040C40045390E /* SearchQuery.swift */; };
		CC1A1960279041260045390E /* Product.swift in Sources */ = {isa = PBXBuildFile; fileRef = CC1A195F279041260045390E /* Product.swift */; };
		CC3D70822757D084008EB6AB /* ContourDetection.swift in Sources */ = {isa = PBXBuildFile; fileRef = CC3D70812757D084008EB6AB /* ContourDetection.swift */; };
		CCD96D422753A3C400786079 /* DetectionTask.swift in Sources */ = {isa = PBXBuildFile; fileRef = CCD96D412753A3C400786079 /* DetectionTask.swift */; };
		CCD96D442753A9EE00786079 /* RectangleDetection.swift in Sources */ = {isa = PBXBuildFile; fileRef = CCD96D432753A9EE00786079 /* RectangleDetection.swift */; };
		CCD96D462753A9F500786079 /* TextRecognition.swift in Sources */ = {isa = PBXBuildFile; fileRef = CCD96D452753A9F500786079 /* TextRecognition.swift */; };
		F6FFD2982769F1880076A3FF /* YOLOv5-train.mlmodel in Sources */ = {isa = PBXBuildFile; fileRef = F6FFD2972769F1880076A3FF /* YOLOv5-train.mlmodel */; };
/* End PBXBuildFile section */

/* Begin PBXFileReference section */
		0B02C8F9274D707D008F0506 /* CGPoint+Extension.swift */ = {isa = PBXFileReference; lastKnownFileType = sourcecode.swift; path = "CGPoint+Extension.swift"; sourceTree = "<group>"; };
		0B02C8FB274D71DE008F0506 /* CameraViewModel.swift */ = {isa = PBXFileReference; lastKnownFileType = sourcecode.swift; path = CameraViewModel.swift; sourceTree = "<group>"; };
		0B02C8FF274D74CB008F0506 /* DetectObjectUseCase.swift */ = {isa = PBXFileReference; lastKnownFileType = sourcecode.swift; path = DetectObjectUseCase.swift; sourceTree = "<group>"; };
		0B02C903274D7AB2008F0506 /* Result+Extension.swift */ = {isa = PBXFileReference; lastKnownFileType = sourcecode.swift; path = "Result+Extension.swift"; sourceTree = "<group>"; };
		0B2AC9E2274ECB9A00C2EE98 /* YOLOv3Tiny.mlmodel */ = {isa = PBXFileReference; lastKnownFileType = file.mlmodel; path = YOLOv3Tiny.mlmodel; sourceTree = "<group>"; };
		0B40C4892746C4D500908879 /* main.storyboard */ = {isa = PBXFileReference; lastKnownFileType = file.storyboard; path = main.storyboard; sourceTree = "<group>"; };
		0BAA26802789D23100E10D28 /* ExtractImageUseCase.swift */ = {isa = PBXFileReference; lastKnownFileType = sourcecode.swift; path = ExtractImageUseCase.swift; sourceTree = "<group>"; };
		0BAA26832789DDAD00E10D28 /* DetectedObject.swift */ = {isa = PBXFileReference; lastKnownFileType = sourcecode.swift; path = DetectedObject.swift; sourceTree = "<group>"; };
		165B6C22C262B2B1B7422BDC /* Pods-PintAR.debug.xcconfig */ = {isa = PBXFileReference; includeInIndex = 1; lastKnownFileType = text.xcconfig; name = "Pods-PintAR.debug.xcconfig"; path = "Target Support Files/Pods-PintAR/Pods-PintAR.debug.xcconfig"; sourceTree = "<group>"; };
		33DF1B1870E6ABAFE139D29F /* Pods_PintAR.framework */ = {isa = PBXFileReference; explicitFileType = wrapper.framework; includeInIndex = 0; path = Pods_PintAR.framework; sourceTree = BUILT_PRODUCTS_DIR; };
		60E5E2B9B392A09CF780013B /* Pods-PintAR.release.xcconfig */ = {isa = PBXFileReference; includeInIndex = 1; lastKnownFileType = text.xcconfig; name = "Pods-PintAR.release.xcconfig"; path = "Target Support Files/Pods-PintAR/Pods-PintAR.release.xcconfig"; sourceTree = "<group>"; };
		CC16AD962785CDB80016C47F /* ColorDetection.swift */ = {isa = PBXFileReference; lastKnownFileType = sourcecode.swift; path = ColorDetection.swift; sourceTree = "<group>"; };
		CC16C71527465AAE007E1568 /* PintAR.app */ = {isa = PBXFileReference; explicitFileType = wrapper.application; includeInIndex = 0; path = PintAR.app; sourceTree = BUILT_PRODUCTS_DIR; };
		CC16C71827465AAE007E1568 /* AppDelegate.swift */ = {isa = PBXFileReference; lastKnownFileType = sourcecode.swift; path = AppDelegate.swift; sourceTree = "<group>"; };
		CC16C71C27465AAE007E1568 /* ImageDetailViewController.swift */ = {isa = PBXFileReference; lastKnownFileType = sourcecode.swift; path = ImageDetailViewController.swift; sourceTree = "<group>"; };
		CC16C72127465AB0007E1568 /* Assets.xcassets */ = {isa = PBXFileReference; lastKnownFileType = folder.assetcatalog; path = Assets.xcassets; sourceTree = "<group>"; };
		CC16C72427465AB0007E1568 /* Base */ = {isa = PBXFileReference; lastKnownFileType = file.storyboard; name = Base; path = Base.lproj/LaunchScreen.storyboard; sourceTree = "<group>"; };
		CC16C72627465AB0007E1568 /* Info.plist */ = {isa = PBXFileReference; lastKnownFileType = text.plist.xml; path = Info.plist; sourceTree = "<group>"; };
		CC16C72C27465C8E007E1568 /* CameraViewController.swift */ = {isa = PBXFileReference; lastKnownFileType = sourcecode.swift; path = CameraViewController.swift; sourceTree = "<group>"; };
		CC1A195A279031030045390E /* API.swift */ = {isa = PBXFileReference; lastKnownFileType = sourcecode.swift; path = API.swift; sourceTree = "<group>"; };
		CC1A195D279040C40045390E /* SearchQuery.swift */ = {isa = PBXFileReference; lastKnownFileType = sourcecode.swift; path = SearchQuery.swift; sourceTree = "<group>"; };
		CC1A195F279041260045390E /* Product.swift */ = {isa = PBXFileReference; lastKnownFileType = sourcecode.swift; path = Product.swift; sourceTree = "<group>"; };
		CC3D70812757D084008EB6AB /* ContourDetection.swift */ = {isa = PBXFileReference; lastKnownFileType = sourcecode.swift; path = ContourDetection.swift; sourceTree = "<group>"; };
		CCD96D412753A3C400786079 /* DetectionTask.swift */ = {isa = PBXFileReference; fileEncoding = 4; lastKnownFileType = sourcecode.swift; path = DetectionTask.swift; sourceTree = "<group>"; };
		CCD96D432753A9EE00786079 /* RectangleDetection.swift */ = {isa = PBXFileReference; lastKnownFileType = sourcecode.swift; path = RectangleDetection.swift; sourceTree = "<group>"; };
		CCD96D452753A9F500786079 /* TextRecognition.swift */ = {isa = PBXFileReference; lastKnownFileType = sourcecode.swift; path = TextRecognition.swift; sourceTree = "<group>"; };
		F6FFD2972769F1880076A3FF /* YOLOv5-train.mlmodel */ = {isa = PBXFileReference; lastKnownFileType = file.mlmodel; path = "YOLOv5-train.mlmodel"; sourceTree = "<group>"; };
/* End PBXFileReference section */

/* Begin PBXFrameworksBuildPhase section */
		CC16C71227465AAE007E1568 /* Frameworks */ = {
			isa = PBXFrameworksBuildPhase;
			buildActionMask = 2147483647;
			files = (
				91EEE061F85B0C07D8EDB313 /* Pods_PintAR.framework in Frameworks */,
			);
			runOnlyForDeploymentPostprocessing = 0;
		};
/* End PBXFrameworksBuildPhase section */

/* Begin PBXGroup section */
		0B02C8F8274D7022008F0506 /* Extensions */ = {
			isa = PBXGroup;
			children = (
				0B02C8F9274D707D008F0506 /* CGPoint+Extension.swift */,
				0B02C903274D7AB2008F0506 /* Result+Extension.swift */,
			);
			path = Extensions;
			sourceTree = "<group>";
		};
		0B02C8FD274D738D008F0506 /* Domain */ = {
			isa = PBXGroup;
			children = (
				0BAA26822789DD9000E10D28 /* Entities */,
				0B02C8FE274D7393008F0506 /* UseCases */,
			);
			path = Domain;
			sourceTree = "<group>";
		};
		0B02C8FE274D7393008F0506 /* UseCases */ = {
			isa = PBXGroup;
			children = (
				CCD96D412753A3C400786079 /* DetectionTask.swift */,
				0B02C8FF274D74CB008F0506 /* DetectObjectUseCase.swift */,
				CCD96D432753A9EE00786079 /* RectangleDetection.swift */,
				CC3D70812757D084008EB6AB /* ContourDetection.swift */,
				CCD96D452753A9F500786079 /* TextRecognition.swift */,
				CC16AD962785CDB80016C47F /* ColorDetection.swift */,
				0BAA26802789D23100E10D28 /* ExtractImageUseCase.swift */,
			);
			path = UseCases;
			sourceTree = "<group>";
		};
		0B2AC9DD274EC6EA00C2EE98 /* Resources */ = {
			isa = PBXGroup;
			children = (
				F6FFD2972769F1880076A3FF /* YOLOv5-train.mlmodel */,
				0B2AC9E2274ECB9A00C2EE98 /* YOLOv3Tiny.mlmodel */,
			);
			path = Resources;
			sourceTree = "<group>";
		};
		0BAA26822789DD9000E10D28 /* Entities */ = {
			isa = PBXGroup;
			children = (
				0BAA26832789DDAD00E10D28 /* DetectedObject.swift */,
			);
			path = Entities;
			sourceTree = "<group>";
		};
		78EDEF8CC904540640AC38B4 /* Pods */ = {
			isa = PBXGroup;
			children = (
				165B6C22C262B2B1B7422BDC /* Pods-PintAR.debug.xcconfig */,
				60E5E2B9B392A09CF780013B /* Pods-PintAR.release.xcconfig */,
			);
			path = Pods;
			sourceTree = "<group>";
		};
		CC16C70C27465AAE007E1568 = {
			isa = PBXGroup;
			children = (
				CC16C71727465AAE007E1568 /* PintAR */,
				CC16C71627465AAE007E1568 /* Products */,
				78EDEF8CC904540640AC38B4 /* Pods */,
				EA1669FB5DA16B1445C36159 /* Frameworks */,
			);
			sourceTree = "<group>";
		};
		CC16C71627465AAE007E1568 /* Products */ = {
			isa = PBXGroup;
			children = (
				CC16C71527465AAE007E1568 /* PintAR.app */,
			);
			name = Products;
			sourceTree = "<group>";
		};
		CC16C71727465AAE007E1568 /* PintAR */ = {
			isa = PBXGroup;
			children = (
				0B2AC9DD274EC6EA00C2EE98 /* Resources */,
				0B02C8FD274D738D008F0506 /* Domain */,
				CC16C71827465AAE007E1568 /* AppDelegate.swift */,
				CC16C72E2746800C007E1568 /* Presentation */,
				0B02C8F8274D7022008F0506 /* Extensions */,
				CC16C72127465AB0007E1568 /* Assets.xcassets */,
				CC16C72327465AB0007E1568 /* LaunchScreen.storyboard */,
				CC16C72627465AB0007E1568 /* Info.plist */,
				0B40C4892746C4D500908879 /* main.storyboard */,
				CC1A195C279031090045390E /* API */,
			);
			path = PintAR;
			sourceTree = "<group>";
		};
		CC16C72E2746800C007E1568 /* Presentation */ = {
			isa = PBXGroup;
			children = (
				CC16C72C27465C8E007E1568 /* CameraViewController.swift */,
				0B02C8FB274D71DE008F0506 /* CameraViewModel.swift */,
				CC16C71C27465AAE007E1568 /* ImageDetailViewController.swift */,
			);
			path = Presentation;
			sourceTree = "<group>";
		};
		CC1A195C279031090045390E /* API */ = {
			isa = PBXGroup;
			children = (
				CC1A195A279031030045390E /* API.swift */,
				CC1A195F279041260045390E /* Product.swift */,
				CC1A195D279040C40045390E /* SearchQuery.swift */,
			);
			path = API;
			sourceTree = "<group>";
		};
		EA1669FB5DA16B1445C36159 /* Frameworks */ = {
			isa = PBXGroup;
			children = (
				33DF1B1870E6ABAFE139D29F /* Pods_PintAR.framework */,
			);
			name = Frameworks;
			sourceTree = "<group>";
		};
/* End PBXGroup section */

/* Begin PBXNativeTarget section */
		CC16C71427465AAE007E1568 /* PintAR */ = {
			isa = PBXNativeTarget;
			buildConfigurationList = CC16C72927465AB0007E1568 /* Build configuration list for PBXNativeTarget "PintAR" */;
			buildPhases = (
				70EAAC1D450A95FB97EA00CB /* [CP] Check Pods Manifest.lock */,
				CC16C72F27468350007E1568 /* ShellScript */,
				CC16C71127465AAE007E1568 /* Sources */,
				CC16C71227465AAE007E1568 /* Frameworks */,
				CC16C71327465AAE007E1568 /* Resources */,
			);
			buildRules = (
			);
			dependencies = (
			);
			name = PintAR;
			productName = PintAR;
			productReference = CC16C71527465AAE007E1568 /* PintAR.app */;
			productType = "com.apple.product-type.application";
		};
/* End PBXNativeTarget section */

/* Begin PBXProject section */
		CC16C70D27465AAE007E1568 /* Project object */ = {
			isa = PBXProject;
			attributes = {
				BuildIndependentTargetsInParallel = 1;
				LastSwiftUpdateCheck = 1310;
				LastUpgradeCheck = 1310;
				TargetAttributes = {
					CC16C71427465AAE007E1568 = {
						CreatedOnToolsVersion = 13.1;
					};
				};
			};
			buildConfigurationList = CC16C71027465AAE007E1568 /* Build configuration list for PBXProject "PintAR" */;
			compatibilityVersion = "Xcode 13.0";
			developmentRegion = en;
			hasScannedForEncodings = 0;
			knownRegions = (
				en,
				Base,
			);
			mainGroup = CC16C70C27465AAE007E1568;
			productRefGroup = CC16C71627465AAE007E1568 /* Products */;
			projectDirPath = "";
			projectRoot = "";
			targets = (
				CC16C71427465AAE007E1568 /* PintAR */,
			);
		};
/* End PBXProject section */

/* Begin PBXResourcesBuildPhase section */
		CC16C71327465AAE007E1568 /* Resources */ = {
			isa = PBXResourcesBuildPhase;
			buildActionMask = 2147483647;
			files = (
				CC16C72527465AB0007E1568 /* LaunchScreen.storyboard in Resources */,
				0B40C48A2746C4D500908879 /* main.storyboard in Resources */,
				CC16C72227465AB0007E1568 /* Assets.xcassets in Resources */,
			);
			runOnlyForDeploymentPostprocessing = 0;
		};
/* End PBXResourcesBuildPhase section */

/* Begin PBXShellScriptBuildPhase section */
		70EAAC1D450A95FB97EA00CB /* [CP] Check Pods Manifest.lock */ = {
			isa = PBXShellScriptBuildPhase;
			buildActionMask = 2147483647;
			files = (
			);
			inputFileListPaths = (
			);
			inputPaths = (
				"${PODS_PODFILE_DIR_PATH}/Podfile.lock",
				"${PODS_ROOT}/Manifest.lock",
			);
			name = "[CP] Check Pods Manifest.lock";
			outputFileListPaths = (
			);
			outputPaths = (
				"$(DERIVED_FILE_DIR)/Pods-PintAR-checkManifestLockResult.txt",
			);
			runOnlyForDeploymentPostprocessing = 0;
			shellPath = /bin/sh;
			shellScript = "diff \"${PODS_PODFILE_DIR_PATH}/Podfile.lock\" \"${PODS_ROOT}/Manifest.lock\" > /dev/null\nif [ $? != 0 ] ; then\n    # print error to STDERR\n    echo \"error: The sandbox is not in sync with the Podfile.lock. Run 'pod install' or update your CocoaPods installation.\" >&2\n    exit 1\nfi\n# This output is used by Xcode 'outputs' to avoid re-running this script phase.\necho \"SUCCESS\" > \"${SCRIPT_OUTPUT_FILE_0}\"\n";
			showEnvVarsInLog = 0;
		};
		CC16C72F27468350007E1568 /* ShellScript */ = {
			isa = PBXShellScriptBuildPhase;
			alwaysOutOfDate = 1;
			buildActionMask = 2147483647;
			files = (
			);
			inputFileListPaths = (
			);
			inputPaths = (
			);
			outputFileListPaths = (
			);
			outputPaths = (
				$SRCROOT/PintAR/R.generated.swift,
			);
			runOnlyForDeploymentPostprocessing = 0;
			shellPath = /bin/sh;
			shellScript = "\"${PODS_ROOT}/SwiftLint/swiftlint\"\n\n";
		};
/* End PBXShellScriptBuildPhase section */

/* Begin PBXSourcesBuildPhase section */
		CC16C71127465AAE007E1568 /* Sources */ = {
			isa = PBXSourcesBuildPhase;
			buildActionMask = 2147483647;
			files = (
				CC1A1960279041260045390E /* Product.swift in Sources */,
				0B2AC9E3274ECB9A00C2EE98 /* YOLOv3Tiny.mlmodel in Sources */,
				CC16C71D27465AAE007E1568 /* ImageDetailViewController.swift in Sources */,
				F6FFD2982769F1880076A3FF /* YOLOv5-train.mlmodel in Sources */,
				CC3D70822757D084008EB6AB /* ContourDetection.swift in Sources */,
				0B02C8FA274D707D008F0506 /* CGPoint+Extension.swift in Sources */,
				CC16C72D27465C8E007E1568 /* CameraViewController.swift in Sources */,
				0BAA26812789D23100E10D28 /* ExtractImageUseCase.swift in Sources */,
				CCD96D422753A3C400786079 /* DetectionTask.swift in Sources */,
				CC1A195E279040C40045390E /* SearchQuery.swift in Sources */,
				0BAA26842789DDAD00E10D28 /* DetectedObject.swift in Sources */,
				0B02C8FC274D71DE008F0506 /* CameraViewModel.swift in Sources */,
				CC16AD972785CDB80016C47F /* ColorDetection.swift in Sources */,
				0B02C904274D7AB2008F0506 /* Result+Extension.swift in Sources */,
				CCD96D442753A9EE00786079 /* RectangleDetection.swift in Sources */,
				CCD96D462753A9F500786079 /* TextRecognition.swift in Sources */,
				0B02C900274D74CB008F0506 /* DetectObjectUseCase.swift in Sources */,
				CC1A195B279031030045390E /* API.swift in Sources */,
				CC16C71927465AAE007E1568 /* AppDelegate.swift in Sources */,
			);
			runOnlyForDeploymentPostprocessing = 0;
		};
/* End PBXSourcesBuildPhase section */

/* Begin PBXVariantGroup section */
		CC16C72327465AB0007E1568 /* LaunchScreen.storyboard */ = {
			isa = PBXVariantGroup;
			children = (
				CC16C72427465AB0007E1568 /* Base */,
			);
			name = LaunchScreen.storyboard;
			sourceTree = "<group>";
		};
/* End PBXVariantGroup section */

/* Begin XCBuildConfiguration section */
		CC16C72727465AB0007E1568 /* Debug */ = {
			isa = XCBuildConfiguration;
			buildSettings = {
				ALWAYS_SEARCH_USER_PATHS = NO;
				CLANG_ANALYZER_NONNULL = YES;
				CLANG_ANALYZER_NUMBER_OBJECT_CONVERSION = YES_AGGRESSIVE;
				CLANG_CXX_LANGUAGE_STANDARD = "gnu++17";
				CLANG_CXX_LIBRARY = "libc++";
				CLANG_ENABLE_MODULES = YES;
				CLANG_ENABLE_OBJC_ARC = YES;
				CLANG_ENABLE_OBJC_WEAK = YES;
				CLANG_WARN_BLOCK_CAPTURE_AUTORELEASING = YES;
				CLANG_WARN_BOOL_CONVERSION = YES;
				CLANG_WARN_COMMA = YES;
				CLANG_WARN_CONSTANT_CONVERSION = YES;
				CLANG_WARN_DEPRECATED_OBJC_IMPLEMENTATIONS = YES;
				CLANG_WARN_DIRECT_OBJC_ISA_USAGE = YES_ERROR;
				CLANG_WARN_DOCUMENTATION_COMMENTS = YES;
				CLANG_WARN_EMPTY_BODY = YES;
				CLANG_WARN_ENUM_CONVERSION = YES;
				CLANG_WARN_INFINITE_RECURSION = YES;
				CLANG_WARN_INT_CONVERSION = YES;
				CLANG_WARN_NON_LITERAL_NULL_CONVERSION = YES;
				CLANG_WARN_OBJC_IMPLICIT_RETAIN_SELF = YES;
				CLANG_WARN_OBJC_LITERAL_CONVERSION = YES;
				CLANG_WARN_OBJC_ROOT_CLASS = YES_ERROR;
				CLANG_WARN_QUOTED_INCLUDE_IN_FRAMEWORK_HEADER = YES;
				CLANG_WARN_RANGE_LOOP_ANALYSIS = YES;
				CLANG_WARN_STRICT_PROTOTYPES = YES;
				CLANG_WARN_SUSPICIOUS_MOVE = YES;
				CLANG_WARN_UNGUARDED_AVAILABILITY = YES_AGGRESSIVE;
				CLANG_WARN_UNREACHABLE_CODE = YES;
				CLANG_WARN__DUPLICATE_METHOD_MATCH = YES;
				COPY_PHASE_STRIP = NO;
				DEBUG_INFORMATION_FORMAT = dwarf;
				ENABLE_STRICT_OBJC_MSGSEND = YES;
				ENABLE_TESTABILITY = YES;
				GCC_C_LANGUAGE_STANDARD = gnu11;
				GCC_DYNAMIC_NO_PIC = NO;
				GCC_NO_COMMON_BLOCKS = YES;
				GCC_OPTIMIZATION_LEVEL = 0;
				GCC_PREPROCESSOR_DEFINITIONS = (
					"DEBUG=1",
					"$(inherited)",
				);
				GCC_WARN_64_TO_32_BIT_CONVERSION = YES;
				GCC_WARN_ABOUT_RETURN_TYPE = YES_ERROR;
				GCC_WARN_UNDECLARED_SELECTOR = YES;
				GCC_WARN_UNINITIALIZED_AUTOS = YES_AGGRESSIVE;
				GCC_WARN_UNUSED_FUNCTION = YES;
				GCC_WARN_UNUSED_VARIABLE = YES;
				IPHONEOS_DEPLOYMENT_TARGET = 15.0;
				MTL_ENABLE_DEBUG_INFO = INCLUDE_SOURCE;
				MTL_FAST_MATH = YES;
				ONLY_ACTIVE_ARCH = YES;
				SDKROOT = iphoneos;
				SWIFT_ACTIVE_COMPILATION_CONDITIONS = DEBUG;
				SWIFT_OPTIMIZATION_LEVEL = "-Onone";
			};
			name = Debug;
		};
		CC16C72827465AB0007E1568 /* Release */ = {
			isa = XCBuildConfiguration;
			buildSettings = {
				ALWAYS_SEARCH_USER_PATHS = NO;
				CLANG_ANALYZER_NONNULL = YES;
				CLANG_ANALYZER_NUMBER_OBJECT_CONVERSION = YES_AGGRESSIVE;
				CLANG_CXX_LANGUAGE_STANDARD = "gnu++17";
				CLANG_CXX_LIBRARY = "libc++";
				CLANG_ENABLE_MODULES = YES;
				CLANG_ENABLE_OBJC_ARC = YES;
				CLANG_ENABLE_OBJC_WEAK = YES;
				CLANG_WARN_BLOCK_CAPTURE_AUTORELEASING = YES;
				CLANG_WARN_BOOL_CONVERSION = YES;
				CLANG_WARN_COMMA = YES;
				CLANG_WARN_CONSTANT_CONVERSION = YES;
				CLANG_WARN_DEPRECATED_OBJC_IMPLEMENTATIONS = YES;
				CLANG_WARN_DIRECT_OBJC_ISA_USAGE = YES_ERROR;
				CLANG_WARN_DOCUMENTATION_COMMENTS = YES;
				CLANG_WARN_EMPTY_BODY = YES;
				CLANG_WARN_ENUM_CONVERSION = YES;
				CLANG_WARN_INFINITE_RECURSION = YES;
				CLANG_WARN_INT_CONVERSION = YES;
				CLANG_WARN_NON_LITERAL_NULL_CONVERSION = YES;
				CLANG_WARN_OBJC_IMPLICIT_RETAIN_SELF = YES;
				CLANG_WARN_OBJC_LITERAL_CONVERSION = YES;
				CLANG_WARN_OBJC_ROOT_CLASS = YES_ERROR;
				CLANG_WARN_QUOTED_INCLUDE_IN_FRAMEWORK_HEADER = YES;
				CLANG_WARN_RANGE_LOOP_ANALYSIS = YES;
				CLANG_WARN_STRICT_PROTOTYPES = YES;
				CLANG_WARN_SUSPICIOUS_MOVE = YES;
				CLANG_WARN_UNGUARDED_AVAILABILITY = YES_AGGRESSIVE;
				CLANG_WARN_UNREACHABLE_CODE = YES;
				CLANG_WARN__DUPLICATE_METHOD_MATCH = YES;
				COPY_PHASE_STRIP = NO;
				DEBUG_INFORMATION_FORMAT = "dwarf-with-dsym";
				ENABLE_NS_ASSERTIONS = NO;
				ENABLE_STRICT_OBJC_MSGSEND = YES;
				GCC_C_LANGUAGE_STANDARD = gnu11;
				GCC_NO_COMMON_BLOCKS = YES;
				GCC_WARN_64_TO_32_BIT_CONVERSION = YES;
				GCC_WARN_ABOUT_RETURN_TYPE = YES_ERROR;
				GCC_WARN_UNDECLARED_SELECTOR = YES;
				GCC_WARN_UNINITIALIZED_AUTOS = YES_AGGRESSIVE;
				GCC_WARN_UNUSED_FUNCTION = YES;
				GCC_WARN_UNUSED_VARIABLE = YES;
				IPHONEOS_DEPLOYMENT_TARGET = 15.0;
				MTL_ENABLE_DEBUG_INFO = NO;
				MTL_FAST_MATH = YES;
				SDKROOT = iphoneos;
				SWIFT_COMPILATION_MODE = wholemodule;
				SWIFT_OPTIMIZATION_LEVEL = "-O";
				VALIDATE_PRODUCT = YES;
			};
			name = Release;
		};
		CC16C72A27465AB0007E1568 /* Debug */ = {
			isa = XCBuildConfiguration;
			baseConfigurationReference = 165B6C22C262B2B1B7422BDC /* Pods-PintAR.debug.xcconfig */;
			buildSettings = {
				ASSETCATALOG_COMPILER_APPICON_NAME = AppIcon;
				ASSETCATALOG_COMPILER_GLOBAL_ACCENT_COLOR_NAME = AccentColor;
				CODE_SIGN_IDENTITY = "Apple Development";
				CODE_SIGN_STYLE = Automatic;
				CURRENT_PROJECT_VERSION = 1;
				DEVELOPMENT_TEAM = "";
				GENERATE_INFOPLIST_FILE = YES;
				INFOPLIST_FILE = PintAR/Info.plist;
				INFOPLIST_KEY_NSCameraUsageDescription = "This application requires camera access for scanning products.";
				INFOPLIST_KEY_UIApplicationSupportsIndirectInputEvents = YES;
				INFOPLIST_KEY_UILaunchStoryboardName = LaunchScreen;
				INFOPLIST_KEY_UIMainStoryboardFile = main;
				INFOPLIST_KEY_UISupportedInterfaceOrientations = UIInterfaceOrientationPortrait;
				INFOPLIST_KEY_UISupportedInterfaceOrientations_iPad = "UIInterfaceOrientationPortrait UIInterfaceOrientationPortraitUpsideDown UIInterfaceOrientationLandscapeLeft UIInterfaceOrientationLandscapeRight";
				INFOPLIST_KEY_UISupportedInterfaceOrientations_iPhone = "UIInterfaceOrientationPortrait UIInterfaceOrientationLandscapeLeft UIInterfaceOrientationLandscapeRight";
				LD_RUNPATH_SEARCH_PATHS = (
					"$(inherited)",
					"@executable_path/Frameworks",
				);
				MARKETING_VERSION = 1.0;
				PRODUCT_BUNDLE_IDENTIFIER = pintAR.PintAR;
				PRODUCT_NAME = "$(TARGET_NAME)";
				PROVISIONING_PROFILE_SPECIFIER = "";
				SWIFT_EMIT_LOC_STRINGS = YES;
				SWIFT_VERSION = 5.0;
				TARGETED_DEVICE_FAMILY = "1,2";
			};
			name = Debug;
		};
		CC16C72B27465AB0007E1568 /* Release */ = {
			isa = XCBuildConfiguration;
			baseConfigurationReference = 60E5E2B9B392A09CF780013B /* Pods-PintAR.release.xcconfig */;
			buildSettings = {
				ASSETCATALOG_COMPILER_APPICON_NAME = AppIcon;
				ASSETCATALOG_COMPILER_GLOBAL_ACCENT_COLOR_NAME = AccentColor;
				CODE_SIGN_IDENTITY = "Apple Development";
				CODE_SIGN_STYLE = Automatic;
				CURRENT_PROJECT_VERSION = 1;
				DEVELOPMENT_TEAM = "";
				GENERATE_INFOPLIST_FILE = YES;
				INFOPLIST_FILE = PintAR/Info.plist;
				INFOPLIST_KEY_NSCameraUsageDescription = "This application requires camera access for scanning products.";
				INFOPLIST_KEY_UIApplicationSupportsIndirectInputEvents = YES;
				INFOPLIST_KEY_UILaunchStoryboardName = LaunchScreen;
				INFOPLIST_KEY_UIMainStoryboardFile = main;
				INFOPLIST_KEY_UISupportedInterfaceOrientations = UIInterfaceOrientationPortrait;
				INFOPLIST_KEY_UISupportedInterfaceOrientations_iPad = "UIInterfaceOrientationPortrait UIInterfaceOrientationPortraitUpsideDown UIInterfaceOrientationLandscapeLeft UIInterfaceOrientationLandscapeRight";
				INFOPLIST_KEY_UISupportedInterfaceOrientations_iPhone = "UIInterfaceOrientationPortrait UIInterfaceOrientationLandscapeLeft UIInterfaceOrientationLandscapeRight";
				LD_RUNPATH_SEARCH_PATHS = (
					"$(inherited)",
					"@executable_path/Frameworks",
				);
				MARKETING_VERSION = 1.0;
				PRODUCT_BUNDLE_IDENTIFIER = pintAR.PintAR;
				PRODUCT_NAME = "$(TARGET_NAME)";
				PROVISIONING_PROFILE_SPECIFIER = "";
				SWIFT_EMIT_LOC_STRINGS = YES;
				SWIFT_VERSION = 5.0;
				TARGETED_DEVICE_FAMILY = "1,2";
			};
			name = Release;
		};
/* End XCBuildConfiguration section */

/* Begin XCConfigurationList section */
		CC16C71027465AAE007E1568 /* Build configuration list for PBXProject "PintAR" */ = {
			isa = XCConfigurationList;
			buildConfigurations = (
				CC16C72727465AB0007E1568 /* Debug */,
				CC16C72827465AB0007E1568 /* Release */,
			);
			defaultConfigurationIsVisible = 0;
			defaultConfigurationName = Release;
		};
		CC16C72927465AB0007E1568 /* Build configuration list for PBXNativeTarget "PintAR" */ = {
			isa = XCConfigurationList;
			buildConfigurations = (
				CC16C72A27465AB0007E1568 /* Debug */,
				CC16C72B27465AB0007E1568 /* Release */,
			);
			defaultConfigurationIsVisible = 0;
			defaultConfigurationName = Release;
		};
/* End XCConfigurationList section */
	};
	rootObject = CC16C70D27465AAE007E1568 /* Project object */;
}
